{"version":4,"terraform_version":"1.10.6","serial":1,"lineage":"ff455d8c-aef1-5bca-b25a-dca5099e7446","outputs":{},"resources":[{"mode":"managed","type":"local_file","name":"cloud","provider":"provider[\"registry.opentofu.org/hashicorp/local\"]","instances":[{"schema_version":0,"attributes":{"content":"AWS is great!","content_base64":null,"content_base64sha256":"OHSOsFsi9ha6e2/tkyuqjF1thbLGv/Nny1SNqE3fS9A=","content_base64sha512":"WNn1KxIhzWWXD7JGIj3N1o1VNvzDzbqNepi2aX+jirV1q9JOyR1PeJFUAVagfCiGhbonFCQ9r4ojVIgnZwQVMQ==","content_md5":"ba5fe299981ce241f1901a8ae895bf02","content_sha1":"9c2ed8c53a82be23714893a05af0caeb2d3e1d75","content_sha256":"38748eb05b22f616ba7b6fed932baa8c5d6d85b2c6bff367cb548da84ddf4bd0","content_sha512":"58d9f52b1221cd65970fb246223dcdd68d5536fcc3cdba8d7a98b6697fa38ab575abd24ec91d4f7891540156a07c288685ba2714243daf8a2354882767041531","directory_permission":"0777","file_permission":"0777","filename":"cloud.txt","id":"9c2ed8c53a82be23714893a05af0caeb2d3e1d75","sensitive_content":null,"source":null},"sensitive_attributes":[[{"type":"get_attr","value":"sensitive_content"}]]}]}],"check_results":null}
