{
  "version": 4,
  "terraform_version": "1.12.2",
  "serial": 7,
  "lineage": "c360d0fb-518f-fa1f-fbb9-9d361b1828b0",
  "outputs": {},
  "resources": [
    {
      "mode": "managed",
      "type": "local_file",
      "name": "cloud",
      "provider": "provider[\"registry.terraform.io/hashicorp/local\"]",
      "instances": [
        {
          "schema_version": 0,
          "attributes": {
            "content": "AWS is great!",
            "content_base64": null,
            "content_base64sha256": "OHSOsFsi9ha6e2/tkyuqjF1thbLGv/Nny1SNqE3fS9A=",
            "content_base64sha512": "WNn1KxIhzWWXD7JGIj3N1o1VNvzDzbqNepi2aX+jirV1q9JOyR1PeJFUAVagfCiGhbonFCQ9r4ojVIgnZwQVMQ==",
            "content_md5": "ba5fe299981ce241f1901a8ae895bf02",
            "content_sha1": "9c2ed8c53a82be23714893a05af0caeb2d3e1d75",
            "content_sha256": "38748eb05b22f616ba7b6fed932baa8c5d6d85b2c6bff367cb548da84ddf4bd0",
            "content_sha512": "58d9f52b1221cd65970fb246223dcdd68d5536fcc3cdba8d7a98b6697fa38ab575abd24ec91d4f7891540156a07c288685ba2714243daf8a2354882767041531",
            "directory_permission": "0777",
            "file_permission": "0777",
            "filename": "cloud.txt",
            "id": "9c2ed8c53a82be23714893a05af0caeb2d3e1d75",
            "sensitive_content": null,
            "source": null
          },
          "sensitive_attributes": [
            [
              {
                "type": "get_attr",
                "value": "sensitive_content"
              }
            ]
          ],
          "identity_schema_version": 0
        }
      ]
    },
    {
      "mode": "managed",
      "type": "local_file",
      "name": "devops",
      "provider": "provider[\"registry.terraform.io/hashicorp/local\"]",
      "instances": [
        {
          "schema_version": 0,
          "attributes": {
            "content": "Terraform is awesome!",
            "content_base64": null,
            "content_base64sha256": "Mzd4terliIUpwzoXRsUZs7ZKxlkY4xQ/NFCV8kCXSII=",
            "content_base64sha512": "O9QUANVwNxZfpBEoombFwXq/l1ibZS/nI4E/4+xoJl7kj7Jp4LNgTMPSQGWQsqcPzJYAE1k54o4jSMY3A6MYYA==",
            "content_md5": "b6497c83a2be868ef22397f41290d449",
            "content_sha1": "a7fbed7b05622e0e876604de87a02cd35bacc82e",
            "content_sha256": "333778b5eae5888529c33a1746c519b3b64ac65918e3143f345095f240974882",
            "content_sha512": "3bd41400d57037165fa41128a266c5c17abf97589b652fe723813fe3ec68265ee48fb269e0b3604cc3d2406590b2a70fcc9600135939e28e2348c63703a31860",
            "directory_permission": "0777",
            "file_permission": "0777",
            "filename": "aws.txt",
            "id": "a7fbed7b05622e0e876604de87a02cd35bacc82e",
            "sensitive_content": null,
            "source": null
          },
          "sensitive_attributes": [
            [
              {
                "type": "get_attr",
                "value": "sensitive_content"
              }
            ]
          ],
          "identity_schema_version": 0
        }
      ]
    }
  ],
  "check_results": null
}
